// !$*UTF8*$!
{
	archiveVersion = 1;
	classes = {
	};
	objectVersion = 56;
	objects = {

/* Begin PBXBuildFile section */
		12D9BD392ABBA70E00B9B7B4 /* PurposeApp.swift in Sources */ = {isa = PBXBuildFile; fileRef = 12D9BD382ABBA70E00B9B7B4 /* PurposeApp.swift */; };
		12D9BD3B2ABBA70E00B9B7B4 /* ContentView.swift in Sources */ = {isa = PBXBuildFile; fileRef = 12D9BD3A2ABBA70E00B9B7B4 /* ContentView.swift */; };
		12D9BD3D2ABBA70F00B9B7B4 /* Assets.xcassets in Resources */ = {isa = PBXBuildFile; fileRef = 12D9BD3C2ABBA70F00B9B7B4 /* Assets.xcassets */; };
		12D9BD412ABBA70F00B9B7B4 /* Preview Assets.xcassets in Resources */ = {isa = PBXBuildFile; fileRef = 12D9BD402ABBA70F00B9B7B4 /* Preview Assets.xcassets */; };
		12D9BD4B2ABBA70F00B9B7B4 /* PurposeTests.swift in Sources */ = {isa = PBXBuildFile; fileRef = 12D9BD4A2ABBA70F00B9B7B4 /* PurposeTests.swift */; };
		12D9BD552ABBA70F00B9B7B4 /* PurposeUITests.swift in Sources */ = {isa = PBXBuildFile; fileRef = 12D9BD542ABBA70F00B9B7B4 /* PurposeUITests.swift */; };
		12D9BD572ABBA70F00B9B7B4 /* PurposeUITestsLaunchTests.swift in Sources */ = {isa = PBXBuildFile; fileRef = 12D9BD562ABBA70F00B9B7B4 /* PurposeUITestsLaunchTests.swift */; };
/* End PBXBuildFile section */

/* Begin PBXContainerItemProxy section */
		12D9BD472ABBA70F00B9B7B4 /* PBXContainerItemProxy */ = {
			isa = PBXContainerItemProxy;
			containerPortal = 12D9BD2D2ABBA70E00B9B7B4 /* Project object */;
			proxyType = 1;
			remoteGlobalIDString = 12D9BD342ABBA70E00B9B7B4;
			remoteInfo = Purpose;
		};
		12D9BD512ABBA70F00B9B7B4 /* PBXContainerItemProxy */ = {
			isa = PBXContainerItemProxy;
			containerPortal = 12D9BD2D2ABBA70E00B9B7B4 /* Project object */;
			proxyType = 1;
			remoteGlobalIDString = 12D9BD342ABBA70E00B9B7B4;
			remoteInfo = Purpose;
		};
/* End PBXContainerItemProxy section */

/* Begin PBXFileReference section */
		12D9BD352ABBA70E00B9B7B4 /* Purpose.app */ = {isa = PBXFileReference; explicitFileType = wrapper.application; includeInIndex = 0; path = Purpose.app; sourceTree = BUILT_PRODUCTS_DIR; };
		12D9BD382ABBA70E00B9B7B4 /* PurposeApp.swift */ = {isa = PBXFileReference; lastKnownFileType = sourcecode.swift; path = PurposeApp.swift; sourceTree = "<group>"; };
		12D9BD3A2ABBA70E00B9B7B4 /* ContentView.swift */ = {isa = PBXFileReference; lastKnownFileType = sourcecode.swift; path = ContentView.swift; sourceTree = "<group>"; };
		12D9BD3C2ABBA70F00B9B7B4 /* Assets.xcassets */ = {isa = PBXFileReference; lastKnownFileType = folder.assetcatalog; path = Assets.xcassets; sourceTree = "<group>"; };
		12D9BD3E2ABBA70F00B9B7B4 /* Purpose.entitlements */ = {isa = PBXFileReference; lastKnownFileType = text.plist.entitlements; path = Purpose.entitlements; sourceTree = "<group>"; };
		12D9BD402ABBA70F00B9B7B4 /* Preview Assets.xcassets */ = {isa = PBXFileReference; lastKnownFileType = folder.assetcatalog; path = "Preview Assets.xcassets"; sourceTree = "<group>"; };
		12D9BD462ABBA70F00B9B7B4 /* PurposeTests.xctest */ = {isa = PBXFileReference; explicitFileType = wrapper.cfbundle; includeInIndex = 0; path = PurposeTests.xctest; sourceTree = BUILT_PRODUCTS_DIR; };
		12D9BD4A2ABBA70F00B9B7B4 /* PurposeTests.swift */ = {isa = PBXFileReference; lastKnownFileType = sourcecode.swift; path = PurposeTests.swift; sourceTree = "<group>"; };
		12D9BD502ABBA70F00B9B7B4 /* PurposeUITests.xctest */ = {isa = PBXFileReference; explicitFileType = wrapper.cfbundle; includeInIndex = 0; path = PurposeUITests.xctest; sourceTree = BUILT_PRODUCTS_DIR; };
		12D9BD542ABBA70F00B9B7B4 /* PurposeUITests.swift */ = {isa = PBXFileReference; lastKnownFileType = sourcecode.swift; path = PurposeUITests.swift; sourceTree = "<group>"; };
		12D9BD562ABBA70F00B9B7B4 /* PurposeUITestsLaunchTests.swift */ = {isa = PBXFileReference; lastKnownFileType = sourcecode.swift; path = PurposeUITestsLaunchTests.swift; sourceTree = "<group>"; };
/* End PBXFileReference section */

/* Begin PBXFrameworksBuildPhase section */
		12D9BD322ABBA70E00B9B7B4 /* Frameworks */ = {
			isa = PBXFrameworksBuildPhase;
			buildActionMask = 2147483647;
			files = (
			);
			runOnlyForDeploymentPostprocessing = 0;
		};
		12D9BD432ABBA70F00B9B7B4 /* Frameworks */ = {
			isa = PBXFrameworksBuildPhase;
			buildActionMask = 2147483647;
			files = (
			);
			runOnlyForDeploymentPostprocessing = 0;
		};
		12D9BD4D2ABBA70F00B9B7B4 /* Frameworks */ = {
			isa = PBXFrameworksBuildPhase;
			buildActionMask = 2147483647;
			files = (
			);
			runOnlyForDeploymentPostprocessing = 0;
		};
/* End PBXFrameworksBuildPhase section */

/* Begin PBXGroup section */
		12D9BD2C2ABBA70E00B9B7B4 = {
			isa = PBXGroup;
			children = (
				12D9BD372ABBA70E00B9B7B4 /* Purpose */,
				12D9BD492ABBA70F00B9B7B4 /* PurposeTests */,
				12D9BD532ABBA70F00B9B7B4 /* PurposeUITests */,
				12D9BD362ABBA70E00B9B7B4 /* Products */,
			);
			sourceTree = "<group>";
		};
		12D9BD362ABBA70E00B9B7B4 /* Products */ = {
			isa = PBXGroup;
			children = (
				12D9BD352ABBA70E00B9B7B4 /* Purpose.app */,
				12D9BD462ABBA70F00B9B7B4 /* PurposeTests.xctest */,
				12D9BD502ABBA70F00B9B7B4 /* PurposeUITests.xctest */,
			);
			name = Products;
			sourceTree = "<group>";
		};
		12D9BD372ABBA70E00B9B7B4 /* Purpose */ = {
			isa = PBXGroup;
			children = (
				12D9BD382ABBA70E00B9B7B4 /* PurposeApp.swift */,
				12D9BD3A2ABBA70E00B9B7B4 /* ContentView.swift */,
				12D9BD3C2ABBA70F00B9B7B4 /* Assets.xcassets */,
				12D9BD3E2ABBA70F00B9B7B4 /* Purpose.entitlements */,
				12D9BD3F2ABBA70F00B9B7B4 /* Preview Content */,
			);
			path = Purpose;
			sourceTree = "<group>";
		};
		12D9BD3F2ABBA70F00B9B7B4 /* Preview Content */ = {
			isa = PBXGroup;
			children = (
				12D9BD402ABBA70F00B9B7B4 /* Preview Assets.xcassets */,
			);
			path = "Preview Content";
			sourceTree = "<group>";
		};
		12D9BD492ABBA70F00B9B7B4 /* PurposeTests */ = {
			isa = PBXGroup;
			children = (
				12D9BD4A2ABBA70F00B9B7B4 /* PurposeTests.swift */,
			);
			path = PurposeTests;
			sourceTree = "<group>";
		};
		12D9BD532ABBA70F00B9B7B4 /* PurposeUITests */ = {
			isa = PBXGroup;
			children = (
				12D9BD542ABBA70F00B9B7B4 /* PurposeUITests.swift */,
				12D9BD562ABBA70F00B9B7B4 /* PurposeUITestsLaunchTests.swift */,
			);
			path = PurposeUITests;
			sourceTree = "<group>";
		};
/* End PBXGroup section */

/* Begin PBXNativeTarget section */
		12D9BD342ABBA70E00B9B7B4 /* Purpose */ = {
			isa = PBXNativeTarget;
			buildConfigurationList = 12D9BD5A2ABBA70F00B9B7B4 /* Build configuration list for PBXNativeTarget "Purpose" */;
			buildPhases = (
				12D9BD312ABBA70E00B9B7B4 /* Sources */,
				12D9BD322ABBA70E00B9B7B4 /* Frameworks */,
				12D9BD332ABBA70E00B9B7B4 /* Resources */,
			);
			buildRules = (
			);
			dependencies = (
			);
			name = Purpose;
			productName = Purpose;
			productReference = 12D9BD352ABBA70E00B9B7B4 /* Purpose.app */;
			productType = "com.apple.product-type.application";
		};
		12D9BD452ABBA70F00B9B7B4 /* PurposeTests */ = {
			isa = PBXNativeTarget;
			buildConfigurationList = 12D9BD5D2ABBA70F00B9B7B4 /* Build configuration list for PBXNativeTarget "PurposeTests" */;
			buildPhases = (
				12D9BD422ABBA70F00B9B7B4 /* Sources */,
				12D9BD432ABBA70F00B9B7B4 /* Frameworks */,
				12D9BD442ABBA70F00B9B7B4 /* Resources */,
			);
			buildRules = (
			);
			dependencies = (
				12D9BD482ABBA70F00B9B7B4 /* PBXTargetDependency */,
			);
			name = PurposeTests;
			productName = PurposeTests;
			productReference = 12D9BD462ABBA70F00B9B7B4 /* PurposeTests.xctest */;
			productType = "com.apple.product-type.bundle.unit-test";
		};
		12D9BD4F2ABBA70F00B9B7B4 /* PurposeUITests */ = {
			isa = PBXNativeTarget;
			buildConfigurationList = 12D9BD602ABBA70F00B9B7B4 /* Build configuration list for PBXNativeTarget "PurposeUITests" */;
			buildPhases = (
				12D9BD4C2ABBA70F00B9B7B4 /* Sources */,
				12D9BD4D2ABBA70F00B9B7B4 /* Frameworks */,
				12D9BD4E2ABBA70F00B9B7B4 /* Resources */,
			);
			buildRules = (
			);
			dependencies = (
				12D9BD522ABBA70F00B9B7B4 /* PBXTargetDependency */,
			);
			name = PurposeUITests;
			productName = PurposeUITests;
			productReference = 12D9BD502ABBA70F00B9B7B4 /* PurposeUITests.xctest */;
			productType = "com.apple.product-type.bundle.ui-testing";
		};
/* End PBXNativeTarget section */

/* Begin PBXProject section */
		12D9BD2D2ABBA70E00B9B7B4 /* Project object */ = {
			isa = PBXProject;
			attributes = {
				BuildIndependentTargetsInParallel = 1;
				LastSwiftUpdateCheck = 1500;
				LastUpgradeCheck = 1500;
				TargetAttributes = {
					12D9BD342ABBA70E00B9B7B4 = {
						CreatedOnToolsVersion = 15.0;
					};
					12D9BD452ABBA70F00B9B7B4 = {
						CreatedOnToolsVersion = 15.0;
						TestTargetID = 12D9BD342ABBA70E00B9B7B4;
					};
					12D9BD4F2ABBA70F00B9B7B4 = {
						CreatedOnToolsVersion = 15.0;
						TestTargetID = 12D9BD342ABBA70E00B9B7B4;
					};
				};
			};
			buildConfigurationList = 12D9BD302ABBA70E00B9B7B4 /* Build configuration list for PBXProject "Purpose" */;
			compatibilityVersion = "Xcode 14.0";
			developmentRegion = en;
			hasScannedForEncodings = 0;
			knownRegions = (
				en,
				Base,
			);
			mainGroup = 12D9BD2C2ABBA70E00B9B7B4;
			productRefGroup = 12D9BD362ABBA70E00B9B7B4 /* Products */;
			projectDirPath = "";
			projectRoot = "";
			targets = (
				12D9BD342ABBA70E00B9B7B4 /* Purpose */,
				12D9BD452ABBA70F00B9B7B4 /* PurposeTests */,
				12D9BD4F2ABBA70F00B9B7B4 /* PurposeUITests */,
			);
		};
/* End PBXProject section */

/* Begin PBXResourcesBuildPhase section */
		12D9BD332ABBA70E00B9B7B4 /* Resources */ = {
			isa = PBXResourcesBuildPhase;
			buildActionMask = 2147483647;
			files = (
				12D9BD412ABBA70F00B9B7B4 /* Preview Assets.xcassets in Resources */,
				12D9BD3D2ABBA70F00B9B7B4 /* Assets.xcassets in Resources */,
			);
			runOnlyForDeploymentPostprocessing = 0;
		};
		12D9BD442ABBA70F00B9B7B4 /* Resources */ = {
			isa = PBXResourcesBuildPhase;
			buildActionMask = 2147483647;
			files = (
			);
			runOnlyForDeploymentPostprocessing = 0;
		};
		12D9BD4E2ABBA70F00B9B7B4 /* Resources */ = {
			isa = PBXResourcesBuildPhase;
			buildActionMask = 2147483647;
			files = (
			);
			runOnlyForDeploymentPostprocessing = 0;
		};
/* End PBXResourcesBuildPhase section */

/* Begin PBXSourcesBuildPhase section */
		12D9BD312ABBA70E00B9B7B4 /* Sources */ = {
			isa = PBXSourcesBuildPhase;
			buildActionMask = 2147483647;
			files = (
				12D9BD3B2ABBA70E00B9B7B4 /* ContentView.swift in Sources */,
				12D9BD392ABBA70E00B9B7B4 /* PurposeApp.swift in Sources */,
			);
			runOnlyForDeploymentPostprocessing = 0;
		};
		12D9BD422ABBA70F00B9B7B4 /* Sources */ = {
			isa = PBXSourcesBuildPhase;
			buildActionMask = 2147483647;
			files = (
				12D9BD4B2ABBA70F00B9B7B4 /* PurposeTests.swift in Sources */,
			);
			runOnlyForDeploymentPostprocessing = 0;
		};
		12D9BD4C2ABBA70F00B9B7B4 /* Sources */ = {
			isa = PBXSourcesBuildPhase;
			buildActionMask = 2147483647;
			files = (
				12D9BD552ABBA70F00B9B7B4 /* PurposeUITests.swift in Sources */,
				12D9BD572ABBA70F00B9B7B4 /* PurposeUITestsLaunchTests.swift in Sources */,
			);
			runOnlyForDeploymentPostprocessing = 0;
		};
/* End PBXSourcesBuildPhase section */

/* Begin PBXTargetDependency section */
		12D9BD482ABBA70F00B9B7B4 /* PBXTargetDependency */ = {
			isa = PBXTargetDependency;
			target = 12D9BD342ABBA70E00B9B7B4 /* Purpose */;
			targetProxy = 12D9BD472ABBA70F00B9B7B4 /* PBXContainerItemProxy */;
		};
		12D9BD522ABBA70F00B9B7B4 /* PBXTargetDependency */ = {
			isa = PBXTargetDependency;
			target = 12D9BD342ABBA70E00B9B7B4 /* Purpose */;
			targetProxy = 12D9BD512ABBA70F00B9B7B4 /* PBXContainerItemProxy */;
		};
/* End PBXTargetDependency section */

/* Begin XCBuildConfiguration section */
		12D9BD582ABBA70F00B9B7B4 /* Debug */ = {
			isa = XCBuildConfiguration;
			buildSettings = {
				ALWAYS_SEARCH_USER_PATHS = NO;
				ASSETCATALOG_COMPILER_GENERATE_SWIFT_ASSET_SYMBOL_EXTENSIONS = YES;
				CLANG_ANALYZER_NONNULL = YES;
				CLANG_ANALYZER_NUMBER_OBJECT_CONVERSION = YES_AGGRESSIVE;
				CLANG_CXX_LANGUAGE_STANDARD = "gnu++20";
				CLANG_ENABLE_MODULES = YES;
				CLANG_ENABLE_OBJC_ARC = YES;
				CLANG_ENABLE_OBJC_WEAK = YES;
				CLANG_WARN_BLOCK_CAPTURE_AUTORELEASING = YES;
				CLANG_WARN_BOOL_CONVERSION = YES;
				CLANG_WARN_COMMA = YES;
				CLANG_WARN_CONSTANT_CONVERSION = YES;
				CLANG_WARN_DEPRECATED_OBJC_IMPLEMENTATIONS = YES;
				CLANG_WARN_DIRECT_OBJC_ISA_USAGE = YES_ERROR;
				CLANG_WARN_DOCUMENTATION_COMMENTS = YES;
				CLANG_WARN_EMPTY_BODY = YES;
				CLANG_WARN_ENUM_CONVERSION = YES;
				CLANG_WARN_INFINITE_RECURSION = YES;
				CLANG_WARN_INT_CONVERSION = YES;
				CLANG_WARN_NON_LITERAL_NULL_CONVERSION = YES;
				CLANG_WARN_OBJC_IMPLICIT_RETAIN_SELF = YES;
				CLANG_WARN_OBJC_LITERAL_CONVERSION = YES;
				CLANG_WARN_OBJC_ROOT_CLASS = YES_ERROR;
				CLANG_WARN_QUOTED_INCLUDE_IN_FRAMEWORK_HEADER = YES;
				CLANG_WARN_RANGE_LOOP_ANALYSIS = YES;
				CLANG_WARN_STRICT_PROTOTYPES = YES;
				CLANG_WARN_SUSPICIOUS_MOVE = YES;
				CLANG_WARN_UNGUARDED_AVAILABILITY = YES_AGGRESSIVE;
				CLANG_WARN_UNREACHABLE_CODE = YES;
				CLANG_WARN__DUPLICATE_METHOD_MATCH = YES;
				COPY_PHASE_STRIP = NO;
				DEBUG_INFORMATION_FORMAT = dwarf;
				ENABLE_STRICT_OBJC_MSGSEND = YES;
				ENABLE_TESTABILITY = YES;
				ENABLE_USER_SCRIPT_SANDBOXING = YES;
				GCC_C_LANGUAGE_STANDARD = gnu17;
				GCC_DYNAMIC_NO_PIC = NO;
				GCC_NO_COMMON_BLOCKS = YES;
				GCC_OPTIMIZATION_LEVEL = 0;
				GCC_PREPROCESSOR_DEFINITIONS = (
					"DEBUG=1",
					"$(inherited)",
				);
				GCC_WARN_64_TO_32_BIT_CONVERSION = YES;
				GCC_WARN_ABOUT_RETURN_TYPE = YES_ERROR;
				GCC_WARN_UNDECLARED_SELECTOR = YES;
				GCC_WARN_UNINITIALIZED_AUTOS = YES_AGGRESSIVE;
				GCC_WARN_UNUSED_FUNCTION = YES;
				GCC_WARN_UNUSED_VARIABLE = YES;
				LOCALIZATION_PREFERS_STRING_CATALOGS = YES;
				MTL_ENABLE_DEBUG_INFO = INCLUDE_SOURCE;
				MTL_FAST_MATH = YES;
				ONLY_ACTIVE_ARCH = YES;
				SWIFT_ACTIVE_COMPILATION_CONDITIONS = "DEBUG $(inherited)";
				SWIFT_OPTIMIZATION_LEVEL = "-Onone";
			};
			name = Debug;
		};
		12D9BD592ABBA70F00B9B7B4 /* Release */ = {
			isa = XCBuildConfiguration;
			buildSettings = {
				ALWAYS_SEARCH_USER_PATHS = NO;
				ASSETCATALOG_COMPILER_GENERATE_SWIFT_ASSET_SYMBOL_EXTENSIONS = YES;
				CLANG_ANALYZER_NONNULL = YES;
				CLANG_ANALYZER_NUMBER_OBJECT_CONVERSION = YES_AGGRESSIVE;
				CLANG_CXX_LANGUAGE_STANDARD = "gnu++20";
				CLANG_ENABLE_MODULES = YES;
				CLANG_ENABLE_OBJC_ARC = YES;
				CLANG_ENABLE_OBJC_WEAK = YES;
				CLANG_WARN_BLOCK_CAPTURE_AUTORELEASING = YES;
				CLANG_WARN_BOOL_CONVERSION = YES;
				CLANG_WARN_COMMA = YES;
				CLANG_WARN_CONSTANT_CONVERSION = YES;
				CLANG_WARN_DEPRECATED_OBJC_IMPLEMENTATIONS = YES;
				CLANG_WARN_DIRECT_OBJC_ISA_USAGE = YES_ERROR;
				CLANG_WARN_DOCUMENTATION_COMMENTS = YES;
				CLANG_WARN_EMPTY_BODY = YES;
				CLANG_WARN_ENUM_CONVERSION = YES;
				CLANG_WARN_INFINITE_RECURSION = YES;
				CLANG_WARN_INT_CONVERSION = YES;
				CLANG_WARN_NON_LITERAL_NULL_CONVERSION = YES;
				CLANG_WARN_OBJC_IMPLICIT_RETAIN_SELF = YES;
				CLANG_WARN_OBJC_LITERAL_CONVERSION = YES;
				CLANG_WARN_OBJC_ROOT_CLASS = YES_ERROR;
				CLANG_WARN_QUOTED_INCLUDE_IN_FRAMEWORK_HEADER = YES;
				CLANG_WARN_RANGE_LOOP_ANALYSIS = YES;
				CLANG_WARN_STRICT_PROTOTYPES = YES;
				CLANG_WARN_SUSPICIOUS_MOVE = YES;
				CLANG_WARN_UNGUARDED_AVAILABILITY = YES_AGGRESSIVE;
				CLANG_WARN_UNREACHABLE_CODE = YES;
				CLANG_WARN__DUPLICATE_METHOD_MATCH = YES;
				COPY_PHASE_STRIP = NO;
				DEBUG_INFORMATION_FORMAT = "dwarf-with-dsym";
				ENABLE_NS_ASSERTIONS = NO;
				ENABLE_STRICT_OBJC_MSGSEND = YES;
				ENABLE_USER_SCRIPT_SANDBOXING = YES;
				GCC_C_LANGUAGE_STANDARD = gnu17;
				GCC_NO_COMMON_BLOCKS = YES;
				GCC_WARN_64_TO_32_BIT_CONVERSION = YES;
				GCC_WARN_ABOUT_RETURN_TYPE = YES_ERROR;
				GCC_WARN_UNDECLARED_SELECTOR = YES;
				GCC_WARN_UNINITIALIZED_AUTOS = YES_AGGRESSIVE;
				GCC_WARN_UNUSED_FUNCTION = YES;
				GCC_WARN_UNUSED_VARIABLE = YES;
				LOCALIZATION_PREFERS_STRING_CATALOGS = YES;
				MTL_ENABLE_DEBUG_INFO = NO;
				MTL_FAST_MATH = YES;
				SWIFT_COMPILATION_MODE = wholemodule;
			};
			name = Release;
		};
		12D9BD5B2ABBA70F00B9B7B4 /* Debug */ = {
			isa = XCBuildConfiguration;
			buildSettings = {
				ASSETCATALOG_COMPILER_APPICON_NAME = AppIcon;
				ASSETCATALOG_COMPILER_GLOBAL_ACCENT_COLOR_NAME = AccentColor;
				CODE_SIGN_ENTITLEMENTS = Purpose/Purpose.entitlements;
				CODE_SIGN_STYLE = Automatic;
				CURRENT_PROJECT_VERSION = 1;
				DEVELOPMENT_ASSET_PATHS = "\"Purpose/Preview Content\"";
				DEVELOPMENT_TEAM = 8QQYNTY523;
				ENABLE_HARDENED_RUNTIME = YES;
				ENABLE_PREVIEWS = YES;
				GENERATE_INFOPLIST_FILE = YES;
				"INFOPLIST_KEY_UIApplicationSceneManifest_Generation[sdk=iphoneos*]" = YES;
				"INFOPLIST_KEY_UIApplicationSceneManifest_Generation[sdk=iphonesimulator*]" = YES;
				"INFOPLIST_KEY_UIApplicationSupportsIndirectInputEvents[sdk=iphoneos*]" = YES;
				"INFOPLIST_KEY_UIApplicationSupportsIndirectInputEvents[sdk=iphonesimulator*]" = YES;
				"INFOPLIST_KEY_UILaunchScreen_Generation[sdk=iphoneos*]" = YES;
				"INFOPLIST_KEY_UILaunchScreen_Generation[sdk=iphonesimulator*]" = YES;
				"INFOPLIST_KEY_UIStatusBarStyle[sdk=iphoneos*]" = UIStatusBarStyleDefault;
				"INFOPLIST_KEY_UIStatusBarStyle[sdk=iphonesimulator*]" = UIStatusBarStyleDefault;
				INFOPLIST_KEY_UISupportedInterfaceOrientations_iPad = "UIInterfaceOrientationPortrait UIInterfaceOrientationPortraitUpsideDown UIInterfaceOrientationLandscapeLeft UIInterfaceOrientationLandscapeRight";
				INFOPLIST_KEY_UISupportedInterfaceOrientations_iPhone = "UIInterfaceOrientationPortrait UIInterfaceOrientationLandscapeLeft UIInterfaceOrientationLandscapeRight";
				IPHONEOS_DEPLOYMENT_TARGET = 17.0;
				LD_RUNPATH_SEARCH_PATHS = "@executable_path/Frameworks";
				"LD_RUNPATH_SEARCH_PATHS[sdk=macosx*]" = "@executable_path/../Frameworks";
				MACOSX_DEPLOYMENT_TARGET = 14.0;
				MARKETING_VERSION = 1.0;
				PRODUCT_BUNDLE_IDENTIFIER = com.weldtactics.Purpose;
				PRODUCT_NAME = "$(TARGET_NAME)";
				SDKROOT = auto;
				SUPPORTED_PLATFORMS = "iphoneos iphonesimulator macosx";
				SWIFT_EMIT_LOC_STRINGS = YES;
				SWIFT_VERSION = 5.0;
				TARGETED_DEVICE_FAMILY = "1,2";
			};
			name = Debug;
		};
		12D9BD5C2ABBA70F00B9B7B4 /* Release */ = {
			isa = XCBuildConfiguration;
			buildSettings = {
				ASSETCATALOG_COMPILER_APPICON_NAME = AppIcon;
				ASSETCATALOG_COMPILER_GLOBAL_ACCENT_COLOR_NAME = AccentColor;
				CODE_SIGN_ENTITLEMENTS = Purpose/Purpose.entitlements;
				CODE_SIGN_STYLE = Automatic;
				CURRENT_PROJECT_VERSION = 1;
				DEVELOPMENT_ASSET_PATHS = "\"Purpose/Preview Content\"";
				DEVELOPMENT_TEAM = 8QQYNTY523;
				ENABLE_HARDENED_RUNTIME = YES;
				ENABLE_PREVIEWS = YES;
				GENERATE_INFOPLIST_FILE = YES;
				"INFOPLIST_KEY_UIApplicationSceneManifest_Generation[sdk=iphoneos*]" = YES;
				"INFOPLIST_KEY_UIApplicationSceneManifest_Generation[sdk=iphonesimulator*]" = YES;
				"INFOPLIST_KEY_UIApplicationSupportsIndirectInputEvents[sdk=iphoneos*]" = YES;
				"INFOPLIST_KEY_UIApplicationSupportsIndirectInputEvents[sdk=iphonesimulator*]" = YES;
				"INFOPLIST_KEY_UILaunchScreen_Generation[sdk=iphoneos*]" = YES;
				"INFOPLIST_KEY_UILaunchScreen_Generation[sdk=iphonesimulator*]" = YES;
				"INFOPLIST_KEY_UIStatusBarStyle[sdk=iphoneos*]" = UIStatusBarStyleDefault;
				"INFOPLIST_KEY_UIStatusBarStyle[sdk=iphonesimulator*]" = UIStatusBarStyleDefault;
				INFOPLIST_KEY_UISupportedInterfaceOrientations_iPad = "UIInterfaceOrientationPortrait UIInterfaceOrientationPortraitUpsideDown UIInterfaceOrientationLandscapeLeft UIInterfaceOrientationLandscapeRight";
				INFOPLIST_KEY_UISupportedInterfaceOrientations_iPhone = "UIInterfaceOrientationPortrait UIInterfaceOrientationLandscapeLeft UIInterfaceOrientationLandscapeRight";
				IPHONEOS_DEPLOYMENT_TARGET = 17.0;
				LD_RUNPATH_SEARCH_PATHS = "@executable_path/Frameworks";
				"LD_RUNPATH_SEARCH_PATHS[sdk=macosx*]" = "@executable_path/../Frameworks";
				MACOSX_DEPLOYMENT_TARGET = 14.0;
				MARKETING_VERSION = 1.0;
				PRODUCT_BUNDLE_IDENTIFIER = com.weldtactics.Purpose;
				PRODUCT_NAME = "$(TARGET_NAME)";
				SDKROOT = auto;
				SUPPORTED_PLATFORMS = "iphoneos iphonesimulator macosx";
				SWIFT_EMIT_LOC_STRINGS = YES;
				SWIFT_VERSION = 5.0;
				TARGETED_DEVICE_FAMILY = "1,2";
			};
			name = Release;
		};
		12D9BD5E2ABBA70F00B9B7B4 /* Debug */ = {
			isa = XCBuildConfiguration;
			buildSettings = {
				ALWAYS_EMBED_SWIFT_STANDARD_LIBRARIES = YES;
				BUNDLE_LOADER = "$(TEST_HOST)";
				CODE_SIGN_STYLE = Automatic;
				CURRENT_PROJECT_VERSION = 1;
				DEVELOPMENT_TEAM = 8QQYNTY523;
				GENERATE_INFOPLIST_FILE = YES;
				IPHONEOS_DEPLOYMENT_TARGET = 17.0;
				MACOSX_DEPLOYMENT_TARGET = 14.0;
				MARKETING_VERSION = 1.0;
				PRODUCT_BUNDLE_IDENTIFIER = com.weldtactics.PurposeTests;
				PRODUCT_NAME = "$(TARGET_NAME)";
				SDKROOT = auto;
				SUPPORTED_PLATFORMS = "iphoneos iphonesimulator macosx";
				SWIFT_EMIT_LOC_STRINGS = NO;
				SWIFT_VERSION = 5.0;
				TARGETED_DEVICE_FAMILY = "1,2";
				TEST_HOST = "$(BUILT_PRODUCTS_DIR)/Purpose.app/$(BUNDLE_EXECUTABLE_FOLDER_PATH)/Purpose";
			};
			name = Debug;
		};
		12D9BD5F2ABBA70F00B9B7B4 /* Release */ = {
			isa = XCBuildConfiguration;
			buildSettings = {
				ALWAYS_EMBED_SWIFT_STANDARD_LIBRARIES = YES;
				BUNDLE_LOADER = "$(TEST_HOST)";
				CODE_SIGN_STYLE = Automatic;
				CURRENT_PROJECT_VERSION = 1;
				DEVELOPMENT_TEAM = 8QQYNTY523;
				GENERATE_INFOPLIST_FILE = YES;
				IPHONEOS_DEPLOYMENT_TARGET = 17.0;
				MACOSX_DEPLOYMENT_TARGET = 14.0;
				MARKETING_VERSION = 1.0;
				PRODUCT_BUNDLE_IDENTIFIER = com.weldtactics.PurposeTests;
				PRODUCT_NAME = "$(TARGET_NAME)";
				SDKROOT = auto;
				SUPPORTED_PLATFORMS = "iphoneos iphonesimulator macosx";
				SWIFT_EMIT_LOC_STRINGS = NO;
				SWIFT_VERSION = 5.0;
				TARGETED_DEVICE_FAMILY = "1,2";
				TEST_HOST = "$(BUILT_PRODUCTS_DIR)/Purpose.app/$(BUNDLE_EXECUTABLE_FOLDER_PATH)/Purpose";
			};
			name = Release;
		};
		12D9BD612ABBA70F00B9B7B4 /* Debug */ = {
			isa = XCBuildConfiguration;
			buildSettings = {
				ALWAYS_EMBED_SWIFT_STANDARD_LIBRARIES = YES;
				CODE_SIGN_STYLE = Automatic;
				CURRENT_PROJECT_VERSION = 1;
				DEVELOPMENT_TEAM = 8QQYNTY523;
				GENERATE_INFOPLIST_FILE = YES;
				IPHONEOS_DEPLOYMENT_TARGET = 17.0;
				MACOSX_DEPLOYMENT_TARGET = 14.0;
				MARKETING_VERSION = 1.0;
				PRODUCT_BUNDLE_IDENTIFIER = com.weldtactics.PurposeUITests;
				PRODUCT_NAME = "$(TARGET_NAME)";
				SDKROOT = auto;
				SUPPORTED_PLATFORMS = "iphoneos iphonesimulator macosx";
				SWIFT_EMIT_LOC_STRINGS = NO;
				SWIFT_VERSION = 5.0;
				TARGETED_DEVICE_FAMILY = "1,2";
				TEST_TARGET_NAME = Purpose;
			};
			name = Debug;
		};
		12D9BD622ABBA70F00B9B7B4 /* Release */ = {
			isa = XCBuildConfiguration;
			buildSettings = {
				ALWAYS_EMBED_SWIFT_STANDARD_LIBRARIES = YES;
				CODE_SIGN_STYLE = Automatic;
				CURRENT_PROJECT_VERSION = 1;
				DEVELOPMENT_TEAM = 8QQYNTY523;
				GENERATE_INFOPLIST_FILE = YES;
				IPHONEOS_DEPLOYMENT_TARGET = 17.0;
				MACOSX_DEPLOYMENT_TARGET = 14.0;
				MARKETING_VERSION = 1.0;
				PRODUCT_BUNDLE_IDENTIFIER = com.weldtactics.PurposeUITests;
				PRODUCT_NAME = "$(TARGET_NAME)";
				SDKROOT = auto;
				SUPPORTED_PLATFORMS = "iphoneos iphonesimulator macosx";
				SWIFT_EMIT_LOC_STRINGS = NO;
				SWIFT_VERSION = 5.0;
				TARGETED_DEVICE_FAMILY = "1,2";
				TEST_TARGET_NAME = Purpose;
			};
			name = Release;
		};
/* End XCBuildConfiguration section */

/* Begin XCConfigurationList section */
		12D9BD302ABBA70E00B9B7B4 /* Build configuration list for PBXProject "Purpose" */ = {
			isa = XCConfigurationList;
			buildConfigurations = (
				12D9BD582ABBA70F00B9B7B4 /* Debug */,
				12D9BD592ABBA70F00B9B7B4 /* Release */,
			);
			defaultConfigurationIsVisible = 0;
			defaultConfigurationName = Release;
		};
		12D9BD5A2ABBA70F00B9B7B4 /* Build configuration list for PBXNativeTarget "Purpose" */ = {
			isa = XCConfigurationList;
			buildConfigurations = (
				12D9BD5B2ABBA70F00B9B7B4 /* Debug */,
				12D9BD5C2ABBA70F00B9B7B4 /* Release */,
			);
			defaultConfigurationIsVisible = 0;
			defaultConfigurationName = Release;
		};
		12D9BD5D2ABBA70F00B9B7B4 /* Build configuration list for PBXNativeTarget "PurposeTests" */ = {
			isa = XCConfigurationList;
			buildConfigurations = (
				12D9BD5E2ABBA70F00B9B7B4 /* Debug */,
				12D9BD5F2ABBA70F00B9B7B4 /* Release */,
			);
			defaultConfigurationIsVisible = 0;
			defaultConfigurationName = Release;
		};
		12D9BD602ABBA70F00B9B7B4 /* Build configuration list for PBXNativeTarget "PurposeUITests" */ = {
			isa = XCConfigurationList;
			buildConfigurations = (
				12D9BD612ABBA70F00B9B7B4 /* Debug */,
				12D9BD622ABBA70F00B9B7B4 /* Release */,
			);
			defaultConfigurationIsVisible = 0;
			defaultConfigurationName = Release;
		};
/* End XCConfigurationList section */
	};
	rootObject = 12D9BD2D2ABBA70E00B9B7B4 /* Project object */;
}
